// !$*UTF8*$!
{
	archiveVersion = 1;
	classes = {
	};
	objectVersion = 46;
	objects = {

/* Begin PBXBuildFile section */
		1DDD58160DA1D0A300B32029 /* MainMenu.xib in Resources */ = {isa = PBXBuildFile; fileRef = 1DDD58140DA1D0A300B32029 /* MainMenu.xib */; };
		8D11072B0486CEB800E47090 /* InfoPlist.strings in Resources */ = {isa = PBXBuildFile; fileRef = 089C165CFE840E0CC02AAC07 /* InfoPlist.strings */; };
		8D11072D0486CEB800E47090 /* main.m in Sources */ = {isa = PBXBuildFile; fileRef = 29B97316FDCFA39411CA2CEA /* main.m */; settings = {ATTRIBUTES = (); }; };
		8D11072F0486CEB800E47090 /* Cocoa.framework in Frameworks */ = {isa = PBXBuildFile; fileRef = 1058C7A1FEA54F0111CA2CBB /* Cocoa.framework */; };
		C908840017B6B83200B7D26F /* WebKit.framework in Frameworks */ = {isa = PBXBuildFile; fileRef = C90883FF17B6B83200B7D26F /* WebKit.framework */; };
		C90C709912861E5E005D55B2 /* SendExpect.m in Sources */ = {isa = PBXBuildFile; fileRef = C90C709712861E5E005D55B2 /* SendExpect.m */; };
		C917FC381310C6A300B6063E /* nsColorSupport.m in Sources */ = {isa = PBXBuildFile; fileRef = C917FC371310C6A300B6063E /* nsColorSupport.m */; };
		C91ADC601402ABD900A6472E /* NotificationRule.m in Sources */ = {isa = PBXBuildFile; fileRef = C91ADC5F1402ABD900A6472E /* NotificationRule.m */; };
		C91ADC631402ACF600A6472E /* NotificationTest.m in Sources */ = {isa = PBXBuildFile; fileRef = C91ADC621402ACF600A6472E /* NotificationTest.m */; };
		C91ADC661402B1D700A6472E /* NotificationAction.m in Sources */ = {isa = PBXBuildFile; fileRef = C91ADC651402B1D700A6472E /* NotificationAction.m */; };
		C94149BA1405A0C0006BDCE0 /* ReadMe.html in CopyFiles */ = {isa = PBXBuildFile; fileRef = C94149B714059CDF006BDCE0 /* ReadMe.html */; };
		C946B0F7140B35AD00EA46D6 /* StokerX.icns in Resources */ = {isa = PBXBuildFile; fileRef = C946B0F6140B35AD00EA46D6 /* StokerX.icns */; };
		C94BED83140B28A900CA06F8 /* Security.framework in Frameworks */ = {isa = PBXBuildFile; fileRef = C94BED82140B28A900CA06F8 /* Security.framework */; };
		C94BED89140B293D00CA06F8 /* SystemConfiguration.framework in Frameworks */ = {isa = PBXBuildFile; fileRef = C94BED88140B293D00CA06F8 /* SystemConfiguration.framework */; };
		C9503CE213FED6F8008B794F /* EmailSender.m in Sources */ = {isa = PBXBuildFile; fileRef = C9503CE113FED6F8008B794F /* EmailSender.m */; };
		C964799517B9B0C2002E1DC8 /* libGRMustache6-MacOS.a in Frameworks */ = {isa = PBXBuildFile; fileRef = C964799417B9B0C2002E1DC8 /* libGRMustache6-MacOS.a */; };
		C967349013E46DD70042841B /* PreferencesController.m in Sources */ = {isa = PBXBuildFile; fileRef = C967348F13E46DD70042841B /* PreferencesController.m */; };
		C9727AFC17CFB31C00E61CC1 /* Default.html in Copy Templates */ = {isa = PBXBuildFile; fileRef = C964799717B9B189002E1DC8 /* Default.html */; };
		C9727B0117CFB6B600E61CC1 /* Fancy.html in Copy Templates */ = {isa = PBXBuildFile; fileRef = C9727AFD17CFB6A100E61CC1 /* Fancy.html */; };
		C9727B0217CFB6B900E61CC1 /* Plain.html in Copy Templates */ = {isa = PBXBuildFile; fileRef = C9727AFE17CFB6A100E61CC1 /* Plain.html */; };
		C977AE8314389F83005E0138 /* ReadMe.html in Resources */ = {isa = PBXBuildFile; fileRef = C94149B714059CDF006BDCE0 /* ReadMe.html */; };
		C97927E117CB79AB008AB0C6 /* StokerX.png in Resources */ = {isa = PBXBuildFile; fileRef = C9F6710D140B2ADB0033F39C /* StokerX.png */; };
		C9849182142A4F1B001CEF85 /* GTMHTTPFetcher.m in Sources */ = {isa = PBXBuildFile; fileRef = C9849176142A4F1B001CEF85 /* GTMHTTPFetcher.m */; };
		C9849183142A4F1B001CEF85 /* GTMHTTPFetcherLogging.m in Sources */ = {isa = PBXBuildFile; fileRef = C9849178142A4F1B001CEF85 /* GTMHTTPFetcherLogging.m */; };
		C9849184142A4F1B001CEF85 /* GTMHTTPFetchHistory.m in Sources */ = {isa = PBXBuildFile; fileRef = C984917A142A4F1B001CEF85 /* GTMHTTPFetchHistory.m */; };
		C9849185142A4F1B001CEF85 /* GTMOAuthAuthentication.m in Sources */ = {isa = PBXBuildFile; fileRef = C984917C142A4F1B001CEF85 /* GTMOAuthAuthentication.m */; };
		C9849186142A4F1B001CEF85 /* GTMOAuthSignIn.m in Sources */ = {isa = PBXBuildFile; fileRef = C984917E142A4F1B001CEF85 /* GTMOAuthSignIn.m */; };
		C9849187142A4F1B001CEF85 /* GTMOAuthWindow.xib in Resources */ = {isa = PBXBuildFile; fileRef = C984917F142A4F1B001CEF85 /* GTMOAuthWindow.xib */; };
		C9849188142A4F1B001CEF85 /* GTMOAuthWindowController.m in Sources */ = {isa = PBXBuildFile; fileRef = C9849181142A4F1B001CEF85 /* GTMOAuthWindowController.m */; };
		C984918D142A5328001CEF85 /* GCDAsyncSocket.m in Sources */ = {isa = PBXBuildFile; fileRef = C984918C142A5328001CEF85 /* GCDAsyncSocket.m */; };
		C98491BA142A6C33001CEF85 /* StokerSensor.m in Sources */ = {isa = PBXBuildFile; fileRef = C98491B9142A6C33001CEF85 /* StokerSensor.m */; };
		C98491BD142A6CAF001CEF85 /* StokerBlower.m in Sources */ = {isa = PBXBuildFile; fileRef = C98491BC142A6CAF001CEF85 /* StokerBlower.m */; };
		C9867AE712330DB900023BC8 /* StokerXAppDelegate.m in Sources */ = {isa = PBXBuildFile; fileRef = C9867AE612330DB900023BC8 /* StokerXAppDelegate.m */; };
		C9867AFA123319D500023BC8 /* QuartzCore.framework in Frameworks */ = {isa = PBXBuildFile; fileRef = C9867AF9123319D500023BC8 /* QuartzCore.framework */; };
		C99B857213FFD61700E27494 /* dsa_pub.pem in Resources */ = {isa = PBXBuildFile; fileRef = C99B857113FFD61700E27494 /* dsa_pub.pem */; };
		C99B85C014002FB000E27494 /* Credits.rtf in Resources */ = {isa = PBXBuildFile; fileRef = C99B85BF14002FB000E27494 /* Credits.rtf */; };
		C9A3616813FCB87500D98912 /* Notifications.xib in Resources */ = {isa = PBXBuildFile; fileRef = C9A3616613FCB87400D98912 /* Notifications.xib */; };
		C9AF1F18140D2DC2002AEEFE /* FRFeedbackReporter.sh in Resources */ = {isa = PBXBuildFile; fileRef = C9AF1F17140D2DC2002AEEFE /* FRFeedbackReporter.sh */; };
		C9B084971416B4B800F1C567 /* Help.rtf in Resources */ = {isa = PBXBuildFile; fileRef = C9B084961416B4B800F1C567 /* Help.rtf */; };
		C9B0849A1416BB6100F1C567 /* HelpController.m in Sources */ = {isa = PBXBuildFile; fileRef = C9B084991416BB6100F1C567 /* HelpController.m */; };
		C9B0849C1416BB8B00F1C567 /* Help.xib in Resources */ = {isa = PBXBuildFile; fileRef = C9B0849B1416BB8B00F1C567 /* Help.xib */; };
		C9B1CF65123352B200648DF4 /* Preferences.xib in Resources */ = {isa = PBXBuildFile; fileRef = C9B1CF63123352B200648DF4 /* Preferences.xib */; };
		C9B9BE8517CAAAC600B87DEB /* Growl.framework in Frameworks */ = {isa = PBXBuildFile; fileRef = C9B9BE8417CAAAC600B87DEB /* Growl.framework */; };
		C9B9BE8617CAAB0900B87DEB /* Growl.framework in CopyFiles */ = {isa = PBXBuildFile; fileRef = C9B9BE8417CAAAC600B87DEB /* Growl.framework */; };
		C9BE1F1D12E4C345007FAEC5 /* LVColorWellCell.m in Sources */ = {isa = PBXBuildFile; fileRef = C9BE1F1912E4C345007FAEC5 /* LVColorWellCell.m */; };
		C9CC35141402A33900A6227A /* CorePlot.framework in Frameworks */ = {isa = PBXBuildFile; fileRef = C9CC35131402A33900A6227A /* CorePlot.framework */; };
		C9CC35181402A34C00A6227A /* Sparkle.framework in Frameworks */ = {isa = PBXBuildFile; fileRef = C9CC35171402A34C00A6227A /* Sparkle.framework */; };
		C9CC351B1402A41300A6227A /* Sparkle.framework in CopyFiles */ = {isa = PBXBuildFile; fileRef = C9CC35171402A34C00A6227A /* Sparkle.framework */; };
		C9CC351D1402A41800A6227A /* CorePlot.framework in CopyFiles */ = {isa = PBXBuildFile; fileRef = C9CC35131402A33900A6227A /* CorePlot.framework */; };
		C9D5550913FEDCBF0066BB27 /* Mail.app in Resources */ = {isa = PBXBuildFile; fileRef = C9D5550813FEDCBE0066BB27 /* Mail.app */; };
		C9D5550B13FEDD4F0066BB27 /* ScriptingBridge.framework in Frameworks */ = {isa = PBXBuildFile; fileRef = C9D5550A13FEDD4F0066BB27 /* ScriptingBridge.framework */; };
		C9D7D85513FB4D8200E5BA00 /* NotificationController.m in Sources */ = {isa = PBXBuildFile; fileRef = C9D7D85413FB4D8200E5BA00 /* NotificationController.m */; };
		C9E852E5142E55410030C87A /* StokerDevice.m in Sources */ = {isa = PBXBuildFile; fileRef = C9E852E4142E55410030C87A /* StokerDevice.m */; };
		C9EAC342142A7C1B00CCA1EB /* StokerPlotController.m in Sources */ = {isa = PBXBuildFile; fileRef = C9EAC341142A7C1B00CCA1EB /* StokerPlotController.m */; };
		C9EAC343142A841600CCA1EB /* MiniTwitter.m in Sources */ = {isa = PBXBuildFile; fileRef = C929300313F810C2007F685C /* MiniTwitter.m */; };
		C9EB1D231226FF930067E58E /* NSObject+SBJSON.m in Sources */ = {isa = PBXBuildFile; fileRef = C9EB1D1A1226FF930067E58E /* NSObject+SBJSON.m */; };
		C9EB1D241226FF930067E58E /* NSString+SBJSON.m in Sources */ = {isa = PBXBuildFile; fileRef = C9EB1D1C1226FF930067E58E /* NSString+SBJSON.m */; };
		C9EB1D251226FF930067E58E /* SBJsonBase.m in Sources */ = {isa = PBXBuildFile; fileRef = C9EB1D1E1226FF930067E58E /* SBJsonBase.m */; };
		C9EB1D261226FF930067E58E /* SBJsonParser.m in Sources */ = {isa = PBXBuildFile; fileRef = C9EB1D201226FF930067E58E /* SBJsonParser.m */; };
		C9EB1D271226FF930067E58E /* SBJsonWriter.m in Sources */ = {isa = PBXBuildFile; fileRef = C9EB1D221226FF930067E58E /* SBJsonWriter.m */; };
		C9EC2EEA1278F6DA00289387 /* Stoker.m in Sources */ = {isa = PBXBuildFile; fileRef = C9EC2EE91278F6DA00289387 /* Stoker.m */; };
		C9F97B97140C53DA005B2A25 /* FeedbackReporter.framework in Frameworks */ = {isa = PBXBuildFile; fileRef = C9F97B96140C53DA005B2A25 /* FeedbackReporter.framework */; };
		C9F97B98140C55B9005B2A25 /* FeedbackReporter.framework in CopyFiles */ = {isa = PBXBuildFile; fileRef = C9F97B96140C53DA005B2A25 /* FeedbackReporter.framework */; };
/* End PBXBuildFile section */

/* Begin PBXBuildRule section */
		C9503CE713FED827008B794F /* PBXBuildRule */ = {
			isa = PBXBuildRule;
			compilerSpec = com.apple.compilers.proxy.script;
			filePatterns = "*.app";
			fileType = pattern.proxy;
			isEditable = 1;
			outputFiles = (
				"$(DERIVED_FILES_DIR)/$(INPUT_FILE_BASE).h",
			);
			script = "sdef \"$INPUT_FILE_PATH\" | sdp -fh -o \"$DERIVED_FILES_DIR\" --basename \"$INPUT_FILE_BASE\" --bundleid `defaults read \"$INPUT_FILE_PATH/Contents/Info\" CFBundleIdentifier`";
		};
/* End PBXBuildRule section */

/* Begin PBXCopyFilesBuildPhase section */
		C90DEEA713ECF722006607BC /* CopyFiles */ = {
			isa = PBXCopyFilesBuildPhase;
			buildActionMask = 2147483647;
			dstPath = "";
			dstSubfolderSpec = 10;
			files = (
				C9CC351B1402A41300A6227A /* Sparkle.framework in CopyFiles */,
				C9B9BE8617CAAB0900B87DEB /* Growl.framework in CopyFiles */,
				C9CC351D1402A41800A6227A /* CorePlot.framework in CopyFiles */,
				C9F97B98140C55B9005B2A25 /* FeedbackReporter.framework in CopyFiles */,
			);
			runOnlyForDeploymentPostprocessing = 0;
		};
		C94149B91405A0B7006BDCE0 /* CopyFiles */ = {
			isa = PBXCopyFilesBuildPhase;
			buildActionMask = 2147483647;
			dstPath = "";
			dstSubfolderSpec = 16;
			files = (
				C94149BA1405A0C0006BDCE0 /* ReadMe.html in CopyFiles */,
			);
			runOnlyForDeploymentPostprocessing = 0;
		};
		C9727AFA17CFB14600E61CC1 /* Copy Templates */ = {
			isa = PBXCopyFilesBuildPhase;
			buildActionMask = 12;
			dstPath = Templates;
			dstSubfolderSpec = 7;
			files = (
				C9727B0117CFB6B600E61CC1 /* Fancy.html in Copy Templates */,
				C9727AFC17CFB31C00E61CC1 /* Default.html in Copy Templates */,
				C9727B0217CFB6B900E61CC1 /* Plain.html in Copy Templates */,
			);
			name = "Copy Templates";
			runOnlyForDeploymentPostprocessing = 0;
		};
/* End PBXCopyFilesBuildPhase section */

/* Begin PBXFileReference section */
		089C165DFE840E0CC02AAC07 /* English */ = {isa = PBXFileReference; fileEncoding = 4; lastKnownFileType = text.plist.strings; name = English; path = English.lproj/InfoPlist.strings; sourceTree = "<group>"; };
		1058C7A1FEA54F0111CA2CBB /* Cocoa.framework */ = {isa = PBXFileReference; lastKnownFileType = wrapper.framework; name = Cocoa.framework; path = /System/Library/Frameworks/Cocoa.framework; sourceTree = "<absolute>"; };
		1DDD58150DA1D0A300B32029 /* English */ = {isa = PBXFileReference; lastKnownFileType = file.xib; name = English; path = English.lproj/MainMenu.xib; sourceTree = "<group>"; };
		256AC3D80F4B6AC300CF3369 /* StokerXAppDelegate.h */ = {isa = PBXFileReference; fileEncoding = 4; lastKnownFileType = sourcecode.c.h; path = StokerXAppDelegate.h; sourceTree = "<group>"; };
		256AC3F00F4B6AF500CF3369 /* StokerX_Prefix.pch */ = {isa = PBXFileReference; fileEncoding = 4; lastKnownFileType = sourcecode.c.h; path = StokerX_Prefix.pch; sourceTree = "<group>"; };
		29B97316FDCFA39411CA2CEA /* main.m */ = {isa = PBXFileReference; fileEncoding = 4; lastKnownFileType = sourcecode.c.objc; path = main.m; sourceTree = "<group>"; };
		29B97324FDCFA39411CA2CEA /* AppKit.framework */ = {isa = PBXFileReference; lastKnownFileType = wrapper.framework; name = AppKit.framework; path = /System/Library/Frameworks/AppKit.framework; sourceTree = "<absolute>"; };
		29B97325FDCFA39411CA2CEA /* Foundation.framework */ = {isa = PBXFileReference; lastKnownFileType = wrapper.framework; name = Foundation.framework; path = /System/Library/Frameworks/Foundation.framework; sourceTree = "<absolute>"; };
		8D1107310486CEB800E47090 /* StokerX-Info.plist */ = {isa = PBXFileReference; fileEncoding = 4; lastKnownFileType = text.plist.xml; path = "StokerX-Info.plist"; sourceTree = "<group>"; };
		8D1107320486CEB800E47090 /* StokerX.app */ = {isa = PBXFileReference; explicitFileType = wrapper.application; includeInIndex = 0; path = StokerX.app; sourceTree = BUILT_PRODUCTS_DIR; };
		C90883FF17B6B83200B7D26F /* WebKit.framework */ = {isa = PBXFileReference; lastKnownFileType = wrapper.framework; name = WebKit.framework; path = Platforms/MacOSX.platform/Developer/SDKs/MacOSX10.8.sdk/System/Library/Frameworks/WebKit.framework; sourceTree = DEVELOPER_DIR; };
		C90C709612861E5E005D55B2 /* SendExpect.h */ = {isa = PBXFileReference; fileEncoding = 4; lastKnownFileType = sourcecode.c.h; name = SendExpect.h; path = Socket/SendExpect.h; sourceTree = "<group>"; };
		C90C709712861E5E005D55B2 /* SendExpect.m */ = {isa = PBXFileReference; fileEncoding = 4; lastKnownFileType = sourcecode.c.objc; name = SendExpect.m; path = Socket/SendExpect.m; sourceTree = "<group>"; };
		C917FC361310C6A300B6063E /* nsColorSupport.h */ = {isa = PBXFileReference; fileEncoding = 4; lastKnownFileType = sourcecode.c.h; name = nsColorSupport.h; path = Color/nsColorSupport.h; sourceTree = "<group>"; };
		C917FC371310C6A300B6063E /* nsColorSupport.m */ = {isa = PBXFileReference; fileEncoding = 4; lastKnownFileType = sourcecode.c.objc; name = nsColorSupport.m; path = Color/nsColorSupport.m; sourceTree = "<group>"; };
		C91ADC5E1402ABD900A6472E /* NotificationRule.h */ = {isa = PBXFileReference; fileEncoding = 4; lastKnownFileType = sourcecode.c.h; name = NotificationRule.h; path = Notifications/NotificationRule.h; sourceTree = "<group>"; };
		C91ADC5F1402ABD900A6472E /* NotificationRule.m */ = {isa = PBXFileReference; fileEncoding = 4; lastKnownFileType = sourcecode.c.objc; name = NotificationRule.m; path = Notifications/NotificationRule.m; sourceTree = "<group>"; };
		C91ADC611402ACF600A6472E /* NotificationTest.h */ = {isa = PBXFileReference; fileEncoding = 4; lastKnownFileType = sourcecode.c.h; name = NotificationTest.h; path = Notifications/NotificationTest.h; sourceTree = "<group>"; };
		C91ADC621402ACF600A6472E /* NotificationTest.m */ = {isa = PBXFileReference; fileEncoding = 4; lastKnownFileType = sourcecode.c.objc; name = NotificationTest.m; path = Notifications/NotificationTest.m; sourceTree = "<group>"; };
		C91ADC641402B1D700A6472E /* NotificationAction.h */ = {isa = PBXFileReference; fileEncoding = 4; lastKnownFileType = sourcecode.c.h; name = NotificationAction.h; path = Notifications/NotificationAction.h; sourceTree = "<group>"; };
		C91ADC651402B1D700A6472E /* NotificationAction.m */ = {isa = PBXFileReference; fileEncoding = 4; lastKnownFileType = sourcecode.c.objc; name = NotificationAction.m; path = Notifications/NotificationAction.m; sourceTree = "<group>"; };
		C929300213F810C2007F685C /* MiniTwitter.h */ = {isa = PBXFileReference; fileEncoding = 4; lastKnownFileType = sourcecode.c.h; path = MiniTwitter.h; sourceTree = "<group>"; };
		C929300313F810C2007F685C /* MiniTwitter.m */ = {isa = PBXFileReference; fileEncoding = 4; lastKnownFileType = sourcecode.c.objc; path = MiniTwitter.m; sourceTree = "<group>"; };
		C94149B714059CDF006BDCE0 /* ReadMe.html */ = {isa = PBXFileReference; fileEncoding = 4; lastKnownFileType = text.html; path = ReadMe.html; sourceTree = "<group>"; };
		C946B0F6140B35AD00EA46D6 /* StokerX.icns */ = {isa = PBXFileReference; lastKnownFileType = image.icns; path = StokerX.icns; sourceTree = "<group>"; };
		C94BED82140B28A900CA06F8 /* Security.framework */ = {isa = PBXFileReference; lastKnownFileType = wrapper.framework; name = Security.framework; path = /System/Library/Frameworks/Security.framework; sourceTree = "<absolute>"; };
		C94BED88140B293D00CA06F8 /* SystemConfiguration.framework */ = {isa = PBXFileReference; lastKnownFileType = wrapper.framework; name = SystemConfiguration.framework; path = /System/Library/Frameworks/SystemConfiguration.framework; sourceTree = "<absolute>"; };
		C9503CE013FED6F8008B794F /* EmailSender.h */ = {isa = PBXFileReference; fileEncoding = 4; lastKnownFileType = sourcecode.c.h; path = EmailSender.h; sourceTree = "<group>"; };
		C9503CE113FED6F8008B794F /* EmailSender.m */ = {isa = PBXFileReference; fileEncoding = 4; lastKnownFileType = sourcecode.c.objc; path = EmailSender.m; sourceTree = "<group>"; };
		C964799417B9B0C2002E1DC8 /* libGRMustache6-MacOS.a */ = {isa = PBXFileReference; lastKnownFileType = archive.ar; name = "libGRMustache6-MacOS.a"; path = "GRMustache/libGRMustache6-MacOS.a"; sourceTree = SOURCE_ROOT; };
		C964799717B9B189002E1DC8 /* Default.html */ = {isa = PBXFileReference; fileEncoding = 4; lastKnownFileType = text.html; path = Default.html; sourceTree = "<group>"; };
		C967348E13E46DD10042841B /* PreferencesController.h */ = {isa = PBXFileReference; fileEncoding = 4; lastKnownFileType = sourcecode.c.h; name = PreferencesController.h; path = StokerX.xcodeproj/../PreferencesController.h; sourceTree = SOURCE_ROOT; };
		C967348F13E46DD70042841B /* PreferencesController.m */ = {isa = PBXFileReference; fileEncoding = 4; lastKnownFileType = sourcecode.c.objc; name = PreferencesController.m; path = StokerX.xcodeproj/../PreferencesController.m; sourceTree = SOURCE_ROOT; };
		C9727AFD17CFB6A100E61CC1 /* Fancy.html */ = {isa = PBXFileReference; fileEncoding = 4; lastKnownFileType = text.html; path = Fancy.html; sourceTree = "<group>"; };
		C9727AFE17CFB6A100E61CC1 /* Plain.html */ = {isa = PBXFileReference; fileEncoding = 4; lastKnownFileType = text.html; path = Plain.html; sourceTree = "<group>"; };
		C9849175142A4F1B001CEF85 /* GTMHTTPFetcher.h */ = {isa = PBXFileReference; fileEncoding = 4; lastKnownFileType = sourcecode.c.h; path = GTMHTTPFetcher.h; sourceTree = "<group>"; };
		C9849176142A4F1B001CEF85 /* GTMHTTPFetcher.m */ = {isa = PBXFileReference; fileEncoding = 4; lastKnownFileType = sourcecode.c.objc; path = GTMHTTPFetcher.m; sourceTree = "<group>"; };
		C9849177142A4F1B001CEF85 /* GTMHTTPFetcherLogging.h */ = {isa = PBXFileReference; fileEncoding = 4; lastKnownFileType = sourcecode.c.h; path = GTMHTTPFetcherLogging.h; sourceTree = "<group>"; };
		C9849178142A4F1B001CEF85 /* GTMHTTPFetcherLogging.m */ = {isa = PBXFileReference; fileEncoding = 4; lastKnownFileType = sourcecode.c.objc; path = GTMHTTPFetcherLogging.m; sourceTree = "<group>"; };
		C9849179142A4F1B001CEF85 /* GTMHTTPFetchHistory.h */ = {isa = PBXFileReference; fileEncoding = 4; lastKnownFileType = sourcecode.c.h; path = GTMHTTPFetchHistory.h; sourceTree = "<group>"; };
		C984917A142A4F1B001CEF85 /* GTMHTTPFetchHistory.m */ = {isa = PBXFileReference; fileEncoding = 4; lastKnownFileType = sourcecode.c.objc; path = GTMHTTPFetchHistory.m; sourceTree = "<group>"; };
		C984917B142A4F1B001CEF85 /* GTMOAuthAuthentication.h */ = {isa = PBXFileReference; fileEncoding = 4; lastKnownFileType = sourcecode.c.h; path = GTMOAuthAuthentication.h; sourceTree = "<group>"; };
		C984917C142A4F1B001CEF85 /* GTMOAuthAuthentication.m */ = {isa = PBXFileReference; fileEncoding = 4; lastKnownFileType = sourcecode.c.objc; path = GTMOAuthAuthentication.m; sourceTree = "<group>"; };
		C984917D142A4F1B001CEF85 /* GTMOAuthSignIn.h */ = {isa = PBXFileReference; fileEncoding = 4; lastKnownFileType = sourcecode.c.h; path = GTMOAuthSignIn.h; sourceTree = "<group>"; };
		C984917E142A4F1B001CEF85 /* GTMOAuthSignIn.m */ = {isa = PBXFileReference; fileEncoding = 4; lastKnownFileType = sourcecode.c.objc; path = GTMOAuthSignIn.m; sourceTree = "<group>"; };
		C984917F142A4F1B001CEF85 /* GTMOAuthWindow.xib */ = {isa = PBXFileReference; fileEncoding = 4; lastKnownFileType = file.xib; path = GTMOAuthWindow.xib; sourceTree = "<group>"; };
		C9849180142A4F1B001CEF85 /* GTMOAuthWindowController.h */ = {isa = PBXFileReference; fileEncoding = 4; lastKnownFileType = sourcecode.c.h; path = GTMOAuthWindowController.h; sourceTree = "<group>"; };
		C9849181142A4F1B001CEF85 /* GTMOAuthWindowController.m */ = {isa = PBXFileReference; fileEncoding = 4; lastKnownFileType = sourcecode.c.objc; path = GTMOAuthWindowController.m; sourceTree = "<group>"; };
		C984918B142A5328001CEF85 /* GCDAsyncSocket.h */ = {isa = PBXFileReference; fileEncoding = 4; lastKnownFileType = sourcecode.c.h; name = GCDAsyncSocket.h; path = Socket/GCDAsyncSocket.h; sourceTree = "<group>"; };
		C984918C142A5328001CEF85 /* GCDAsyncSocket.m */ = {isa = PBXFileReference; fileEncoding = 4; lastKnownFileType = sourcecode.c.objc; name = GCDAsyncSocket.m; path = Socket/GCDAsyncSocket.m; sourceTree = "<group>"; };
		C98491B8142A6C33001CEF85 /* StokerSensor.h */ = {isa = PBXFileReference; fileEncoding = 4; lastKnownFileType = sourcecode.c.h; name = StokerSensor.h; path = Stoker/StokerSensor.h; sourceTree = "<group>"; };
		C98491B9142A6C33001CEF85 /* StokerSensor.m */ = {isa = PBXFileReference; fileEncoding = 4; lastKnownFileType = sourcecode.c.objc; name = StokerSensor.m; path = Stoker/StokerSensor.m; sourceTree = "<group>"; };
		C98491BB142A6CAF001CEF85 /* StokerBlower.h */ = {isa = PBXFileReference; fileEncoding = 4; lastKnownFileType = sourcecode.c.h; name = StokerBlower.h; path = Stoker/StokerBlower.h; sourceTree = "<group>"; };
		C98491BC142A6CAF001CEF85 /* StokerBlower.m */ = {isa = PBXFileReference; fileEncoding = 4; lastKnownFileType = sourcecode.c.objc; name = StokerBlower.m; path = Stoker/StokerBlower.m; sourceTree = "<group>"; };
		C9867AE612330DB900023BC8 /* StokerXAppDelegate.m */ = {isa = PBXFileReference; fileEncoding = 4; lastKnownFileType = sourcecode.c.objc; path = StokerXAppDelegate.m; sourceTree = "<group>"; };
		C9867AF9123319D500023BC8 /* QuartzCore.framework */ = {isa = PBXFileReference; lastKnownFileType = wrapper.framework; name = QuartzCore.framework; path = System/Library/Frameworks/QuartzCore.framework; sourceTree = SDKROOT; };
		C99B857113FFD61700E27494 /* dsa_pub.pem */ = {isa = PBXFileReference; fileEncoding = 4; lastKnownFileType = text; path = dsa_pub.pem; sourceTree = "<group>"; };
		C99B85BF14002FB000E27494 /* Credits.rtf */ = {isa = PBXFileReference; fileEncoding = 4; lastKnownFileType = text.rtf; path = Credits.rtf; sourceTree = "<group>"; };
		C9A3616713FCB87400D98912 /* English */ = {isa = PBXFileReference; lastKnownFileType = file.xib; name = English; path = English.lproj/Notifications.xib; sourceTree = "<group>"; };
		C9AF1F17140D2DC2002AEEFE /* FRFeedbackReporter.sh */ = {isa = PBXFileReference; fileEncoding = 4; lastKnownFileType = text.script.sh; path = FRFeedbackReporter.sh; sourceTree = "<group>"; };
		C9B084961416B4B800F1C567 /* Help.rtf */ = {isa = PBXFileReference; fileEncoding = 4; lastKnownFileType = text.rtf; path = Help.rtf; sourceTree = "<group>"; };
		C9B084981416BB6100F1C567 /* HelpController.h */ = {isa = PBXFileReference; fileEncoding = 4; lastKnownFileType = sourcecode.c.h; path = HelpController.h; sourceTree = "<group>"; };
		C9B084991416BB6100F1C567 /* HelpController.m */ = {isa = PBXFileReference; fileEncoding = 4; lastKnownFileType = sourcecode.c.objc; path = HelpController.m; sourceTree = "<group>"; };
		C9B0849B1416BB8B00F1C567 /* Help.xib */ = {isa = PBXFileReference; fileEncoding = 4; lastKnownFileType = file.xib; path = Help.xib; sourceTree = "<group>"; };
		C9B1CF64123352B200648DF4 /* English */ = {isa = PBXFileReference; lastKnownFileType = file.xib; name = English; path = English.lproj/Preferences.xib; sourceTree = "<group>"; };
		C9B9BE8417CAAAC600B87DEB /* Growl.framework */ = {isa = PBXFileReference; lastKnownFileType = wrapper.framework; name = Growl.framework; path = ../Frameworks/Growl.framework; sourceTree = "<group>"; };
		C9BE1F1812E4C345007FAEC5 /* LVColorWellCell.h */ = {isa = PBXFileReference; fileEncoding = 4; lastKnownFileType = sourcecode.c.h; name = LVColorWellCell.h; path = Color/LVColorWellCell.h; sourceTree = "<group>"; };
		C9BE1F1912E4C345007FAEC5 /* LVColorWellCell.m */ = {isa = PBXFileReference; fileEncoding = 4; lastKnownFileType = sourcecode.c.objc; name = LVColorWellCell.m; path = Color/LVColorWellCell.m; sourceTree = "<group>"; };
		C9C83DE41412B2C300AB8261 /* To-Do.rtf */ = {isa = PBXFileReference; fileEncoding = 4; lastKnownFileType = text.rtf; path = "To-Do.rtf"; sourceTree = "<group>"; };
		C9CC35131402A33900A6227A /* CorePlot.framework */ = {isa = PBXFileReference; lastKnownFileType = wrapper.framework; name = CorePlot.framework; path = ../Frameworks/CorePlot.framework; sourceTree = "<group>"; };
		C9CC35171402A34C00A6227A /* Sparkle.framework */ = {isa = PBXFileReference; lastKnownFileType = wrapper.framework; name = Sparkle.framework; path = ../Frameworks/Sparkle.framework; sourceTree = "<group>"; };
		C9D5550813FEDCBE0066BB27 /* Mail.app */ = {isa = PBXFileReference; lastKnownFileType = wrapper.application; name = Mail.app; path = /Users/jkeenan/Projects/StokerX/../../../../Applications/Mail.app; sourceTree = "<absolute>"; };
		C9D5550A13FEDD4F0066BB27 /* ScriptingBridge.framework */ = {isa = PBXFileReference; lastKnownFileType = wrapper.framework; name = ScriptingBridge.framework; path = System/Library/Frameworks/ScriptingBridge.framework; sourceTree = SDKROOT; };
		C9D7D85313FB4D8200E5BA00 /* NotificationController.h */ = {isa = PBXFileReference; fileEncoding = 4; lastKnownFileType = sourcecode.c.h; name = NotificationController.h; path = Notifications/NotificationController.h; sourceTree = "<group>"; };
		C9D7D85413FB4D8200E5BA00 /* NotificationController.m */ = {isa = PBXFileReference; fileEncoding = 4; lastKnownFileType = sourcecode.c.objc; name = NotificationController.m; path = Notifications/NotificationController.m; sourceTree = "<group>"; };
		C9DF979117B998C1003C4703 /* GRMustache.h */ = {isa = PBXFileReference; fileEncoding = 4; lastKnownFileType = sourcecode.c.h; name = GRMustache.h; path = GRMustache/GRMustache.h; sourceTree = "<group>"; };
		C9DF979217B998C1003C4703 /* GRMustacheAvailabilityMacros.h */ = {isa = PBXFileReference; fileEncoding = 4; lastKnownFileType = sourcecode.c.h; name = GRMustacheAvailabilityMacros.h; path = GRMustache/GRMustacheAvailabilityMacros.h; sourceTree = "<group>"; };
		C9DF979317B998C1003C4703 /* GRMustacheConfiguration.h */ = {isa = PBXFileReference; fileEncoding = 4; lastKnownFileType = sourcecode.c.h; name = GRMustacheConfiguration.h; path = GRMustache/GRMustacheConfiguration.h; sourceTree = "<group>"; };
		C9DF979417B998C1003C4703 /* GRMustacheContext.h */ = {isa = PBXFileReference; fileEncoding = 4; lastKnownFileType = sourcecode.c.h; name = GRMustacheContext.h; path = GRMustache/GRMustacheContext.h; sourceTree = "<group>"; };
		C9DF979517B998C1003C4703 /* GRMustacheError.h */ = {isa = PBXFileReference; fileEncoding = 4; lastKnownFileType = sourcecode.c.h; name = GRMustacheError.h; path = GRMustache/GRMustacheError.h; sourceTree = "<group>"; };
		C9DF979617B998C1003C4703 /* GRMustacheFilter.h */ = {isa = PBXFileReference; fileEncoding = 4; lastKnownFileType = sourcecode.c.h; name = GRMustacheFilter.h; path = GRMustache/GRMustacheFilter.h; sourceTree = "<group>"; };
		C9DF979717B998C1003C4703 /* GRMustacheLocalizer.h */ = {isa = PBXFileReference; fileEncoding = 4; lastKnownFileType = sourcecode.c.h; name = GRMustacheLocalizer.h; path = GRMustache/GRMustacheLocalizer.h; sourceTree = "<group>"; };
		C9DF979817B998C1003C4703 /* GRMustacheRendering.h */ = {isa = PBXFileReference; fileEncoding = 4; lastKnownFileType = sourcecode.c.h; name = GRMustacheRendering.h; path = GRMustache/GRMustacheRendering.h; sourceTree = "<group>"; };
		C9DF979917B998C1003C4703 /* GRMustacheTag.h */ = {isa = PBXFileReference; fileEncoding = 4; lastKnownFileType = sourcecode.c.h; name = GRMustacheTag.h; path = GRMustache/GRMustacheTag.h; sourceTree = "<group>"; };
		C9DF979A17B998C1003C4703 /* GRMustacheTagDelegate.h */ = {isa = PBXFileReference; fileEncoding = 4; lastKnownFileType = sourcecode.c.h; name = GRMustacheTagDelegate.h; path = GRMustache/GRMustacheTagDelegate.h; sourceTree = "<group>"; };
		C9DF979B17B998C1003C4703 /* GRMustacheTemplate.h */ = {isa = PBXFileReference; fileEncoding = 4; lastKnownFileType = sourcecode.c.h; name = GRMustacheTemplate.h; path = GRMustache/GRMustacheTemplate.h; sourceTree = "<group>"; };
		C9DF979C17B998C1003C4703 /* GRMustacheTemplateRepository.h */ = {isa = PBXFileReference; fileEncoding = 4; lastKnownFileType = sourcecode.c.h; name = GRMustacheTemplateRepository.h; path = GRMustache/GRMustacheTemplateRepository.h; sourceTree = "<group>"; };
		C9DF979D17B998C1003C4703 /* GRMustacheVersion.h */ = {isa = PBXFileReference; fileEncoding = 4; lastKnownFileType = sourcecode.c.h; name = GRMustacheVersion.h; path = GRMustache/GRMustacheVersion.h; sourceTree = "<group>"; };
		C9DF979E17B998C1003C4703 /* NSFormatter+GRMustache.h */ = {isa = PBXFileReference; fileEncoding = 4; lastKnownFileType = sourcecode.c.h; name = "NSFormatter+GRMustache.h"; path = "GRMustache/NSFormatter+GRMustache.h"; sourceTree = "<group>"; };
		C9DF979F17B998C1003C4703 /* NSValueTransformer+GRMustache.h */ = {isa = PBXFileReference; fileEncoding = 4; lastKnownFileType = sourcecode.c.h; name = "NSValueTransformer+GRMustache.h"; path = "GRMustache/NSValueTransformer+GRMustache.h"; sourceTree = "<group>"; };
		C9E852E3142E55410030C87A /* StokerDevice.h */ = {isa = PBXFileReference; fileEncoding = 4; lastKnownFileType = sourcecode.c.h; name = StokerDevice.h; path = Stoker/StokerDevice.h; sourceTree = "<group>"; };
		C9E852E4142E55410030C87A /* StokerDevice.m */ = {isa = PBXFileReference; fileEncoding = 4; lastKnownFileType = sourcecode.c.objc; name = StokerDevice.m; path = Stoker/StokerDevice.m; sourceTree = "<group>"; };
		C9EAC340142A7C1B00CCA1EB /* StokerPlotController.h */ = {isa = PBXFileReference; fileEncoding = 4; lastKnownFileType = sourcecode.c.h; path = StokerPlotController.h; sourceTree = "<group>"; };
		C9EAC341142A7C1B00CCA1EB /* StokerPlotController.m */ = {isa = PBXFileReference; fileEncoding = 4; lastKnownFileType = sourcecode.c.objc; path = StokerPlotController.m; sourceTree = "<group>"; };
		C9EB1D181226FF930067E58E /* JSON.h */ = {isa = PBXFileReference; fileEncoding = 4; lastKnownFileType = sourcecode.c.h; path = JSON.h; sourceTree = "<group>"; };
		C9EB1D191226FF930067E58E /* NSObject+SBJSON.h */ = {isa = PBXFileReference; fileEncoding = 4; lastKnownFileType = sourcecode.c.h; path = "NSObject+SBJSON.h"; sourceTree = "<group>"; };
		C9EB1D1A1226FF930067E58E /* NSObject+SBJSON.m */ = {isa = PBXFileReference; fileEncoding = 4; lastKnownFileType = sourcecode.c.objc; path = "NSObject+SBJSON.m"; sourceTree = "<group>"; };
		C9EB1D1B1226FF930067E58E /* NSString+SBJSON.h */ = {isa = PBXFileReference; fileEncoding = 4; lastKnownFileType = sourcecode.c.h; path = "NSString+SBJSON.h"; sourceTree = "<group>"; };
		C9EB1D1C1226FF930067E58E /* NSString+SBJSON.m */ = {isa = PBXFileReference; fileEncoding = 4; lastKnownFileType = sourcecode.c.objc; path = "NSString+SBJSON.m"; sourceTree = "<group>"; };
		C9EB1D1D1226FF930067E58E /* SBJsonBase.h */ = {isa = PBXFileReference; fileEncoding = 4; lastKnownFileType = sourcecode.c.h; path = SBJsonBase.h; sourceTree = "<group>"; };
		C9EB1D1E1226FF930067E58E /* SBJsonBase.m */ = {isa = PBXFileReference; fileEncoding = 4; lastKnownFileType = sourcecode.c.objc; path = SBJsonBase.m; sourceTree = "<group>"; };
		C9EB1D1F1226FF930067E58E /* SBJsonParser.h */ = {isa = PBXFileReference; fileEncoding = 4; lastKnownFileType = sourcecode.c.h; path = SBJsonParser.h; sourceTree = "<group>"; };
		C9EB1D201226FF930067E58E /* SBJsonParser.m */ = {isa = PBXFileReference; fileEncoding = 4; lastKnownFileType = sourcecode.c.objc; path = SBJsonParser.m; sourceTree = "<group>"; };
		C9EB1D211226FF930067E58E /* SBJsonWriter.h */ = {isa = PBXFileReference; fileEncoding = 4; lastKnownFileType = sourcecode.c.h; path = SBJsonWriter.h; sourceTree = "<group>"; };
		C9EB1D221226FF930067E58E /* SBJsonWriter.m */ = {isa = PBXFileReference; fileEncoding = 4; lastKnownFileType = sourcecode.c.objc; path = SBJsonWriter.m; sourceTree = "<group>"; };
		C9EC2EE81278F6DA00289387 /* Stoker.h */ = {isa = PBXFileReference; fileEncoding = 4; lastKnownFileType = sourcecode.c.h; name = Stoker.h; path = Stoker/Stoker.h; sourceTree = "<group>"; };
		C9EC2EE91278F6DA00289387 /* Stoker.m */ = {isa = PBXFileReference; fileEncoding = 4; lastKnownFileType = sourcecode.c.objc; name = Stoker.m; path = Stoker/Stoker.m; sourceTree = "<group>"; };
		C9F6710D140B2ADB0033F39C /* StokerX.png */ = {isa = PBXFileReference; lastKnownFileType = image.png; path = StokerX.png; sourceTree = "<group>"; };
		C9F97B96140C53DA005B2A25 /* FeedbackReporter.framework */ = {isa = PBXFileReference; lastKnownFileType = wrapper.framework; name = FeedbackReporter.framework; path = ../Frameworks/FeedbackReporter.framework; sourceTree = "<group>"; };
/* End PBXFileReference section */

/* Begin PBXFrameworksBuildPhase section */
		8D11072E0486CEB800E47090 /* Frameworks */ = {
			isa = PBXFrameworksBuildPhase;
			buildActionMask = 2147483647;
			files = (
				C9B9BE8517CAAAC600B87DEB /* Growl.framework in Frameworks */,
				C908840017B6B83200B7D26F /* WebKit.framework in Frameworks */,
				8D11072F0486CEB800E47090 /* Cocoa.framework in Frameworks */,
				C9867AFA123319D500023BC8 /* QuartzCore.framework in Frameworks */,
				C94BED89140B293D00CA06F8 /* SystemConfiguration.framework in Frameworks */,
				C94BED83140B28A900CA06F8 /* Security.framework in Frameworks */,
				C9D5550B13FEDD4F0066BB27 /* ScriptingBridge.framework in Frameworks */,
				C9CC35141402A33900A6227A /* CorePlot.framework in Frameworks */,
				C9CC35181402A34C00A6227A /* Sparkle.framework in Frameworks */,
				C9F97B97140C53DA005B2A25 /* FeedbackReporter.framework in Frameworks */,
				C964799517B9B0C2002E1DC8 /* libGRMustache6-MacOS.a in Frameworks */,
			);
			runOnlyForDeploymentPostprocessing = 0;
		};
/* End PBXFrameworksBuildPhase section */

/* Begin PBXGroup section */
		080E96DDFE201D6D7F000001 /* Classes */ = {
			isa = PBXGroup;
			children = (
				C9DF979017B998C1003C4703 /* GRMustache */,
				C9849174142A4F1B001CEF85 /* GTMOAuth */,
				C9BE1F1E12E4C355007FAEC5 /* Color */,
				C9EB1D171226FF930067E58E /* JSON */,
				C9213669131607D000CFB978 /* Socket Classes */,
				C922C669140BD3E800A40435 /* EmailSender */,
				C95D195514017D76000EF515 /* Notifications */,
				C98491B7142A6AC5001CEF85 /* Stoker */,
				256AC3D80F4B6AC300CF3369 /* StokerXAppDelegate.h */,
				C9867AE612330DB900023BC8 /* StokerXAppDelegate.m */,
				C9EAC340142A7C1B00CCA1EB /* StokerPlotController.h */,
				C9EAC341142A7C1B00CCA1EB /* StokerPlotController.m */,
				C929300213F810C2007F685C /* MiniTwitter.h */,
				C929300313F810C2007F685C /* MiniTwitter.m */,
				C9B084981416BB6100F1C567 /* HelpController.h */,
				C9B084991416BB6100F1C567 /* HelpController.m */,
				C967348E13E46DD10042841B /* PreferencesController.h */,
				C967348F13E46DD70042841B /* PreferencesController.m */,
			);
			name = Classes;
			sourceTree = "<group>";
		};
		1058C7A0FEA54F0111CA2CBB /* Linked Frameworks */ = {
			isa = PBXGroup;
			children = (
				C9B9BE8417CAAAC600B87DEB /* Growl.framework */,
				C90883FF17B6B83200B7D26F /* WebKit.framework */,
				C9F97B96140C53DA005B2A25 /* FeedbackReporter.framework */,
				1058C7A1FEA54F0111CA2CBB /* Cocoa.framework */,
				C9867AF9123319D500023BC8 /* QuartzCore.framework */,
				C9D5550A13FEDD4F0066BB27 /* ScriptingBridge.framework */,
				C94BED82140B28A900CA06F8 /* Security.framework */,
				C94BED88140B293D00CA06F8 /* SystemConfiguration.framework */,
				C9CC35131402A33900A6227A /* CorePlot.framework */,
				C9CC35171402A34C00A6227A /* Sparkle.framework */,
			);
			name = "Linked Frameworks";
			sourceTree = "<group>";
		};
		1058C7A2FEA54F0111CA2CBB /* Other Frameworks */ = {
			isa = PBXGroup;
			children = (
				29B97324FDCFA39411CA2CEA /* AppKit.framework */,
				29B97325FDCFA39411CA2CEA /* Foundation.framework */,
			);
			name = "Other Frameworks";
			sourceTree = "<group>";
		};
		19C28FACFE9D520D11CA2CBB /* Products */ = {
			isa = PBXGroup;
			children = (
				8D1107320486CEB800E47090 /* StokerX.app */,
			);
			name = Products;
			sourceTree = "<group>";
		};
		29B97314FDCFA39411CA2CEA /* StokerX */ = {
			isa = PBXGroup;
			children = (
				C9D5550813FEDCBE0066BB27 /* Mail.app */,
				080E96DDFE201D6D7F000001 /* Classes */,
				29B97315FDCFA39411CA2CEA /* Other Sources */,
				29B97317FDCFA39411CA2CEA /* Resources */,
				C964799617B9B188002E1DC8 /* Templates */,
				C94149B714059CDF006BDCE0 /* ReadMe.html */,
				C9C83DE41412B2C300AB8261 /* To-Do.rtf */,
				29B97323FDCFA39411CA2CEA /* Frameworks */,
				19C28FACFE9D520D11CA2CBB /* Products */,
			);
			name = StokerX;
			sourceTree = "<group>";
		};
		29B97315FDCFA39411CA2CEA /* Other Sources */ = {
			isa = PBXGroup;
			children = (
				256AC3F00F4B6AF500CF3369 /* StokerX_Prefix.pch */,
				29B97316FDCFA39411CA2CEA /* main.m */,
			);
			name = "Other Sources";
			sourceTree = "<group>";
		};
		29B97317FDCFA39411CA2CEA /* Resources */ = {
			isa = PBXGroup;
			children = (
				C99B857113FFD61700E27494 /* dsa_pub.pem */,
				8D1107310486CEB800E47090 /* StokerX-Info.plist */,
				089C165CFE840E0CC02AAC07 /* InfoPlist.strings */,
				1DDD58140DA1D0A300B32029 /* MainMenu.xib */,
				C9B0849B1416BB8B00F1C567 /* Help.xib */,
				C9B1CF63123352B200648DF4 /* Preferences.xib */,
				C9A3616613FCB87400D98912 /* Notifications.xib */,
				C9AF1F17140D2DC2002AEEFE /* FRFeedbackReporter.sh */,
				C9F6710D140B2ADB0033F39C /* StokerX.png */,
				C946B0F6140B35AD00EA46D6 /* StokerX.icns */,
				C9B084961416B4B800F1C567 /* Help.rtf */,
				C99B85BF14002FB000E27494 /* Credits.rtf */,
			);
			name = Resources;
			sourceTree = "<group>";
		};
		29B97323FDCFA39411CA2CEA /* Frameworks */ = {
			isa = PBXGroup;
			children = (
				1058C7A0FEA54F0111CA2CBB /* Linked Frameworks */,
				1058C7A2FEA54F0111CA2CBB /* Other Frameworks */,
			);
			name = Frameworks;
			sourceTree = "<group>";
		};
		C9213669131607D000CFB978 /* Socket Classes */ = {
			isa = PBXGroup;
			children = (
				C984918B142A5328001CEF85 /* GCDAsyncSocket.h */,
				C984918C142A5328001CEF85 /* GCDAsyncSocket.m */,
				C90C709612861E5E005D55B2 /* SendExpect.h */,
				C90C709712861E5E005D55B2 /* SendExpect.m */,
			);
			name = "Socket Classes";
			sourceTree = "<group>";
		};
		C922C669140BD3E800A40435 /* EmailSender */ = {
			isa = PBXGroup;
			children = (
				C9503CE013FED6F8008B794F /* EmailSender.h */,
				C9503CE113FED6F8008B794F /* EmailSender.m */,
			);
			name = EmailSender;
			sourceTree = "<group>";
		};
		C95D195514017D76000EF515 /* Notifications */ = {
			isa = PBXGroup;
			children = (
				C91ADC641402B1D700A6472E /* NotificationAction.h */,
				C91ADC651402B1D700A6472E /* NotificationAction.m */,
				C9D7D85313FB4D8200E5BA00 /* NotificationController.h */,
				C9D7D85413FB4D8200E5BA00 /* NotificationController.m */,
				C91ADC5E1402ABD900A6472E /* NotificationRule.h */,
				C91ADC5F1402ABD900A6472E /* NotificationRule.m */,
				C91ADC611402ACF600A6472E /* NotificationTest.h */,
				C91ADC621402ACF600A6472E /* NotificationTest.m */,
			);
			name = Notifications;
			sourceTree = "<group>";
		};
		C964799617B9B188002E1DC8 /* Templates */ = {
			isa = PBXGroup;
			children = (
				C9727AFD17CFB6A100E61CC1 /* Fancy.html */,
				C9727AFE17CFB6A100E61CC1 /* Plain.html */,
				C964799717B9B189002E1DC8 /* Default.html */,
			);
			path = Templates;
			sourceTree = "<group>";
		};
		C9849174142A4F1B001CEF85 /* GTMOAuth */ = {
			isa = PBXGroup;
			children = (
				C9849175142A4F1B001CEF85 /* GTMHTTPFetcher.h */,
				C9849176142A4F1B001CEF85 /* GTMHTTPFetcher.m */,
				C9849177142A4F1B001CEF85 /* GTMHTTPFetcherLogging.h */,
				C9849178142A4F1B001CEF85 /* GTMHTTPFetcherLogging.m */,
				C9849179142A4F1B001CEF85 /* GTMHTTPFetchHistory.h */,
				C984917A142A4F1B001CEF85 /* GTMHTTPFetchHistory.m */,
				C984917B142A4F1B001CEF85 /* GTMOAuthAuthentication.h */,
				C984917C142A4F1B001CEF85 /* GTMOAuthAuthentication.m */,
				C984917D142A4F1B001CEF85 /* GTMOAuthSignIn.h */,
				C984917E142A4F1B001CEF85 /* GTMOAuthSignIn.m */,
				C984917F142A4F1B001CEF85 /* GTMOAuthWindow.xib */,
				C9849180142A4F1B001CEF85 /* GTMOAuthWindowController.h */,
				C9849181142A4F1B001CEF85 /* GTMOAuthWindowController.m */,
			);
			path = GTMOAuth;
			sourceTree = "<group>";
		};
		C98491B7142A6AC5001CEF85 /* Stoker */ = {
			isa = PBXGroup;
			children = (
				C9EC2EE81278F6DA00289387 /* Stoker.h */,
				C9EC2EE91278F6DA00289387 /* Stoker.m */,
				C9E852E3142E55410030C87A /* StokerDevice.h */,
				C9E852E4142E55410030C87A /* StokerDevice.m */,
				C98491BB142A6CAF001CEF85 /* StokerBlower.h */,
				C98491BC142A6CAF001CEF85 /* StokerBlower.m */,
				C98491B8142A6C33001CEF85 /* StokerSensor.h */,
				C98491B9142A6C33001CEF85 /* StokerSensor.m */,
			);
			name = Stoker;
			sourceTree = "<group>";
		};
		C9BE1F1E12E4C355007FAEC5 /* Color */ = {
			isa = PBXGroup;
			children = (
				C9BE1F1812E4C345007FAEC5 /* LVColorWellCell.h */,
				C9BE1F1912E4C345007FAEC5 /* LVColorWellCell.m */,
				C917FC361310C6A300B6063E /* nsColorSupport.h */,
				C917FC371310C6A300B6063E /* nsColorSupport.m */,
			);
			name = Color;
			sourceTree = "<group>";
		};
		C9DF979017B998C1003C4703 /* GRMustache */ = {
			isa = PBXGroup;
			children = (
				C964799417B9B0C2002E1DC8 /* libGRMustache6-MacOS.a */,
				C9DF979117B998C1003C4703 /* GRMustache.h */,
				C9DF979217B998C1003C4703 /* GRMustacheAvailabilityMacros.h */,
				C9DF979317B998C1003C4703 /* GRMustacheConfiguration.h */,
				C9DF979417B998C1003C4703 /* GRMustacheContext.h */,
				C9DF979517B998C1003C4703 /* GRMustacheError.h */,
				C9DF979617B998C1003C4703 /* GRMustacheFilter.h */,
				C9DF979717B998C1003C4703 /* GRMustacheLocalizer.h */,
				C9DF979817B998C1003C4703 /* GRMustacheRendering.h */,
				C9DF979917B998C1003C4703 /* GRMustacheTag.h */,
				C9DF979A17B998C1003C4703 /* GRMustacheTagDelegate.h */,
				C9DF979B17B998C1003C4703 /* GRMustacheTemplate.h */,
				C9DF979C17B998C1003C4703 /* GRMustacheTemplateRepository.h */,
				C9DF979D17B998C1003C4703 /* GRMustacheVersion.h */,
				C9DF979E17B998C1003C4703 /* NSFormatter+GRMustache.h */,
				C9DF979F17B998C1003C4703 /* NSValueTransformer+GRMustache.h */,
			);
			name = GRMustache;
			path = include;
			sourceTree = "<group>";
		};
		C9EB1D171226FF930067E58E /* JSON */ = {
			isa = PBXGroup;
			children = (
				C9EB1D181226FF930067E58E /* JSON.h */,
				C9EB1D191226FF930067E58E /* NSObject+SBJSON.h */,
				C9EB1D1A1226FF930067E58E /* NSObject+SBJSON.m */,
				C9EB1D1B1226FF930067E58E /* NSString+SBJSON.h */,
				C9EB1D1C1226FF930067E58E /* NSString+SBJSON.m */,
				C9EB1D1D1226FF930067E58E /* SBJsonBase.h */,
				C9EB1D1E1226FF930067E58E /* SBJsonBase.m */,
				C9EB1D1F1226FF930067E58E /* SBJsonParser.h */,
				C9EB1D201226FF930067E58E /* SBJsonParser.m */,
				C9EB1D211226FF930067E58E /* SBJsonWriter.h */,
				C9EB1D221226FF930067E58E /* SBJsonWriter.m */,
			);
			path = JSON;
			sourceTree = "<group>";
		};
/* End PBXGroup section */

/* Begin PBXNativeTarget section */
		8D1107260486CEB800E47090 /* StokerX */ = {
			isa = PBXNativeTarget;
			buildConfigurationList = C01FCF4A08A954540054247B /* Build configuration list for PBXNativeTarget "StokerX" */;
			buildPhases = (
				C9DF300A140E881100B2853D /* Update CFBundleVersion and CFBuildDate */,
				C9B84476140C2D8D005E4407 /* Update CFBundleShortVersionString */,
				8D1107290486CEB800E47090 /* Resources */,
				8D11072C0486CEB800E47090 /* Sources */,
				8D11072E0486CEB800E47090 /* Frameworks */,
				C90DEEA713ECF722006607BC /* CopyFiles */,
				C94149B91405A0B7006BDCE0 /* CopyFiles */,
				C9727AFA17CFB14600E61CC1 /* Copy Templates */,
			);
			buildRules = (
				C9503CE713FED827008B794F /* PBXBuildRule */,
			);
			dependencies = (
			);
			name = StokerX;
			productInstallPath = "$(HOME)/Applications";
			productName = StokerX;
			productReference = 8D1107320486CEB800E47090 /* StokerX.app */;
			productType = "com.apple.product-type.application";
		};
/* End PBXNativeTarget section */

/* Begin PBXProject section */
		29B97313FDCFA39411CA2CEA /* Project object */ = {
			isa = PBXProject;
			attributes = {
				LastUpgradeCheck = 0430;
				ORGANIZATIONNAME = "Joseph P Keenan Jr";
			};
			buildConfigurationList = C01FCF4E08A954540054247B /* Build configuration list for PBXProject "StokerX" */;
			compatibilityVersion = "Xcode 3.2";
			developmentRegion = English;
			hasScannedForEncodings = 1;
			knownRegions = (
				English,
				Japanese,
				French,
				German,
				de,
				it,
				es,
				ca,
				cs,
				cy,
				da,
				el,
				en,
				fi,
				fr,
				he,
				hu,
				id,
				is,
				ja,
				ko,
				nl,
				no,
				pl,
				pt,
				ru,
				sk,
				sv,
				th,
				tr,
				zh_CN,
				zh_TW,
			);
			mainGroup = 29B97314FDCFA39411CA2CEA /* StokerX */;
			projectDirPath = "";
			projectRoot = "";
			targets = (
				8D1107260486CEB800E47090 /* StokerX */,
			);
		};
/* End PBXProject section */

/* Begin PBXResourcesBuildPhase section */
		8D1107290486CEB800E47090 /* Resources */ = {
			isa = PBXResourcesBuildPhase;
			buildActionMask = 2147483647;
			files = (
				8D11072B0486CEB800E47090 /* InfoPlist.strings in Resources */,
				1DDD58160DA1D0A300B32029 /* MainMenu.xib in Resources */,
				C9B1CF65123352B200648DF4 /* Preferences.xib in Resources */,
				C9A3616813FCB87500D98912 /* Notifications.xib in Resources */,
				C9849187142A4F1B001CEF85 /* GTMOAuthWindow.xib in Resources */,
				C9D5550913FEDCBF0066BB27 /* Mail.app in Resources */,
				C99B857213FFD61700E27494 /* dsa_pub.pem in Resources */,
				C99B85C014002FB000E27494 /* Credits.rtf in Resources */,
				C946B0F7140B35AD00EA46D6 /* StokerX.icns in Resources */,
				C97927E117CB79AB008AB0C6 /* StokerX.png in Resources */,
				C9AF1F18140D2DC2002AEEFE /* FRFeedbackReporter.sh in Resources */,
				C977AE8314389F83005E0138 /* ReadMe.html in Resources */,
				C9B084971416B4B800F1C567 /* Help.rtf in Resources */,
				C9B0849C1416BB8B00F1C567 /* Help.xib in Resources */,
			);
			runOnlyForDeploymentPostprocessing = 0;
		};
/* End PBXResourcesBuildPhase section */

/* Begin PBXShellScriptBuildPhase section */
		C9B84476140C2D8D005E4407 /* Update CFBundleShortVersionString */ = {
			isa = PBXShellScriptBuildPhase;
			buildActionMask = 2147483647;
			files = (
			);
			inputPaths = (
			);
			name = "Update CFBundleShortVersionString";
			outputPaths = (
			);
			runOnlyForDeploymentPostprocessing = 0;
			shellPath = "/usr/bin/env ruby";
			shellScript = "# add git tag + version number to Info.plist\nversion = `/usr/bin/env git describe`.chomp\n\nputs \"raw version \"+version\nversion_fancy_re = /(\\d*\\.\\d*)-?(\\d*)-?/\nversion =~ version_fancy_re\ncommit_num = $2\nif ( $2.empty? )\ncommit_num = \"0\"\nend\nfancy_version = \"\"+$1+\".\"+commit_num\nputs \"compatible: \"+fancy_version\n\n# backup\nsource_plist_path = File.join(ENV['PROJECT_DIR'], ENV['INFOPLIST_FILE'])\norig_plist = File.open( source_plist_path, \"r\").read;\nFile.open( source_plist_path+\".bak\", \"w\") { |file| file.write(orig_plist) }\n\n# put in CFBundleShortVersionString key\nversion_re = /([\\t ]+<key>CFBundleShortVersionString<\\/key>\\n[\\t ]+<string>).*?(<\\/string>)/\norig_plist =~ version_re\nbundle_version_string = $1 + fancy_version + $2\norig_plist.gsub!(version_re, bundle_version_string)\n\n# write\nFile.open(source_plist_path, \"w\") { |file| file.write(orig_plist) }\nputs \"Set version string to '#{fancy_version}'\"";
		};
		C9DF300A140E881100B2853D /* Update CFBundleVersion and CFBuildDate */ = {
			isa = PBXShellScriptBuildPhase;
			buildActionMask = 2147483647;
			files = (
			);
			inputPaths = (
			);
			name = "Update CFBundleVersion and CFBuildDate";
			outputPaths = (
			);
			runOnlyForDeploymentPostprocessing = 0;
			shellPath = /bin/bash;
			shellScript = "#!/bin/bash\n# Auto Increment Version Script\nbuildPlist=\"${PROJECT_NAME}-Info.plist\"\nbuildNumber=$(/usr/libexec/PlistBuddy -c \"Print CFBundleVersion\" $buildPlist)\nbuildNumber=$(($buildNumber + 1))\n/usr/libexec/PlistBuddy -c \"Set :CFBundleVersion $buildNumber\" $buildPlist\nCFBuildDate=$(date)\n/usr/libexec/PlistBuddy -c \"Set :CFBuildDate $CFBuildDate\" $buildPlist";
		};
/* End PBXShellScriptBuildPhase section */

/* Begin PBXSourcesBuildPhase section */
		8D11072C0486CEB800E47090 /* Sources */ = {
			isa = PBXSourcesBuildPhase;
			buildActionMask = 2147483647;
			files = (
				8D11072D0486CEB800E47090 /* main.m in Sources */,
				C9EB1D231226FF930067E58E /* NSObject+SBJSON.m in Sources */,
				C9EB1D241226FF930067E58E /* NSString+SBJSON.m in Sources */,
				C9EB1D251226FF930067E58E /* SBJsonBase.m in Sources */,
				C9EB1D261226FF930067E58E /* SBJsonParser.m in Sources */,
				C9EB1D271226FF930067E58E /* SBJsonWriter.m in Sources */,
				C9867AE712330DB900023BC8 /* StokerXAppDelegate.m in Sources */,
				C9EC2EEA1278F6DA00289387 /* Stoker.m in Sources */,
				C90C709912861E5E005D55B2 /* SendExpect.m in Sources */,
				C9BE1F1D12E4C345007FAEC5 /* LVColorWellCell.m in Sources */,
				C917FC381310C6A300B6063E /* nsColorSupport.m in Sources */,
				C967349013E46DD70042841B /* PreferencesController.m in Sources */,
				C9D7D85513FB4D8200E5BA00 /* NotificationController.m in Sources */,
				C9503CE213FED6F8008B794F /* EmailSender.m in Sources */,
				C91ADC601402ABD900A6472E /* NotificationRule.m in Sources */,
				C91ADC631402ACF600A6472E /* NotificationTest.m in Sources */,
				C91ADC661402B1D700A6472E /* NotificationAction.m in Sources */,
				C9B0849A1416BB6100F1C567 /* HelpController.m in Sources */,
				C9849182142A4F1B001CEF85 /* GTMHTTPFetcher.m in Sources */,
				C9849183142A4F1B001CEF85 /* GTMHTTPFetcherLogging.m in Sources */,
				C9849184142A4F1B001CEF85 /* GTMHTTPFetchHistory.m in Sources */,
				C9849185142A4F1B001CEF85 /* GTMOAuthAuthentication.m in Sources */,
				C9849186142A4F1B001CEF85 /* GTMOAuthSignIn.m in Sources */,
				C9849188142A4F1B001CEF85 /* GTMOAuthWindowController.m in Sources */,
				C984918D142A5328001CEF85 /* GCDAsyncSocket.m in Sources */,
				C98491BA142A6C33001CEF85 /* StokerSensor.m in Sources */,
				C98491BD142A6CAF001CEF85 /* StokerBlower.m in Sources */,
				C9EAC342142A7C1B00CCA1EB /* StokerPlotController.m in Sources */,
				C9EAC343142A841600CCA1EB /* MiniTwitter.m in Sources */,
				C9E852E5142E55410030C87A /* StokerDevice.m in Sources */,
			);
			runOnlyForDeploymentPostprocessing = 0;
		};
/* End PBXSourcesBuildPhase section */

/* Begin PBXVariantGroup section */
		089C165CFE840E0CC02AAC07 /* InfoPlist.strings */ = {
			isa = PBXVariantGroup;
			children = (
				089C165DFE840E0CC02AAC07 /* English */,
			);
			name = InfoPlist.strings;
			sourceTree = "<group>";
		};
		1DDD58140DA1D0A300B32029 /* MainMenu.xib */ = {
			isa = PBXVariantGroup;
			children = (
				1DDD58150DA1D0A300B32029 /* English */,
			);
			name = MainMenu.xib;
			sourceTree = "<group>";
		};
		C9A3616613FCB87400D98912 /* Notifications.xib */ = {
			isa = PBXVariantGroup;
			children = (
				C9A3616713FCB87400D98912 /* English */,
			);
			name = Notifications.xib;
			sourceTree = "<group>";
		};
		C9B1CF63123352B200648DF4 /* Preferences.xib */ = {
			isa = PBXVariantGroup;
			children = (
				C9B1CF64123352B200648DF4 /* English */,
			);
			name = Preferences.xib;
			sourceTree = "<group>";
		};
/* End PBXVariantGroup section */

/* Begin XCBuildConfiguration section */
		C01FCF4B08A954540054247B /* Debug */ = {
			isa = XCBuildConfiguration;
			buildSettings = {
				ALWAYS_SEARCH_USER_PATHS = NO;
				ARCHS = "$(ARCHS_STANDARD_32_64_BIT)";
				CODE_SIGN_IDENTITY = "";
				COPY_PHASE_STRIP = NO;
				FRAMEWORK_SEARCH_PATHS = (
					"$(inherited)",
					"\"$(SRCROOT)\"",
					"\"$(SRCROOT)/../Frameworks\"",
				);
				GCC_DYNAMIC_NO_PIC = NO;
				GCC_MODEL_TUNING = G5;
				GCC_OPTIMIZATION_LEVEL = 0;
				GCC_PRECOMPILE_PREFIX_HEADER = YES;
				GCC_PREFIX_HEADER = StokerX_Prefix.pch;
				GCC_VERSION = com.apple.compilers.llvm.clang.1_0;
				INFOPLIST_FILE = "StokerX-Info.plist";
				INSTALL_PATH = /Applications;
				LIBRARY_SEARCH_PATHS = (
					"$(inherited)",
					"\"$(SRCROOT)\"",
					"\"$(SRCROOT)/GRMustache\"",
				);
				MACOSX_DEPLOYMENT_TARGET = 10.7;
				OTHER_LDFLAGS = "-ObjC";
				PRODUCT_NAME = StokerX;
				SDKROOT = macosx;
				SKIP_INSTALL = YES;
			};
			name = Debug;
		};
		C01FCF4C08A954540054247B /* Release */ = {
			isa = XCBuildConfiguration;
			buildSettings = {
				ALWAYS_SEARCH_USER_PATHS = NO;
				ARCHS = "$(ARCHS_STANDARD_32_64_BIT)";
				CODE_SIGN_IDENTITY = "";
				COPY_PHASE_STRIP = NO;
				DEBUG_INFORMATION_FORMAT = "dwarf-with-dsym";
				FRAMEWORK_SEARCH_PATHS = (
					"$(inherited)",
					"\"$(SRCROOT)\"",
					"\"$(SRCROOT)/../Frameworks\"",
				);
				GCC_MODEL_TUNING = G5;
				GCC_PRECOMPILE_PREFIX_HEADER = YES;
				GCC_PREFIX_HEADER = StokerX_Prefix.pch;
				GCC_VERSION = com.apple.compilers.llvm.clang.1_0;
				INFOPLIST_FILE = "StokerX-Info.plist";
				INSTALL_PATH = /Applications;
				LIBRARY_SEARCH_PATHS = (
					"$(inherited)",
					"\"$(SRCROOT)\"",
					"\"$(SRCROOT)/GRMustache\"",
				);
				MACOSX_DEPLOYMENT_TARGET = 10.7;
				OTHER_LDFLAGS = "-ObjC";
				PRODUCT_NAME = StokerX;
				SDKROOT = macosx;
				SKIP_INSTALL = NO;
			};
			name = Release;
		};
		C01FCF4F08A954540054247B /* Debug */ = {
			isa = XCBuildConfiguration;
			buildSettings = {
				ARCHS = "$(ARCHS_STANDARD_32_64_BIT)";
				FRAMEWORK_SEARCH_PATHS = "$(SRCROOT)";
				GCC_C_LANGUAGE_STANDARD = "compiler-default";
				GCC_OPTIMIZATION_LEVEL = 0;
				GCC_WARN_ABOUT_RETURN_TYPE = YES;
				GCC_WARN_UNUSED_VARIABLE = YES;
				MACOSX_DEPLOYMENT_TARGET = 10.6;
				ONLY_ACTIVE_ARCH = YES;
				SDKROOT = "";
				SKIP_INSTALL = NO;
			};
			name = Debug;
		};
		C01FCF5008A954540054247B /* Release */ = {
			isa = XCBuildConfiguration;
			buildSettings = {
				ARCHS = "$(ARCHS_STANDARD_32_64_BIT)";
				FRAMEWORK_SEARCH_PATHS = "$(SRCROOT)";
				GCC_C_LANGUAGE_STANDARD = "compiler-default";
				GCC_WARN_ABOUT_RETURN_TYPE = YES;
				GCC_WARN_UNUSED_VARIABLE = YES;
				MACOSX_DEPLOYMENT_TARGET = 10.6;
				SDKROOT = "";
				SKIP_INSTALL = YES;
			};
			name = Release;
		};
/* End XCBuildConfiguration section */

/* Begin XCConfigurationList section */
		C01FCF4A08A954540054247B /* Build configuration list for PBXNativeTarget "StokerX" */ = {
			isa = XCConfigurationList;
			buildConfigurations = (
				C01FCF4B08A954540054247B /* Debug */,
				C01FCF4C08A954540054247B /* Release */,
			);
			defaultConfigurationIsVisible = 0;
			defaultConfigurationName = Release;
		};
		C01FCF4E08A954540054247B /* Build configuration list for PBXProject "StokerX" */ = {
			isa = XCConfigurationList;
			buildConfigurations = (
				C01FCF4F08A954540054247B /* Debug */,
				C01FCF5008A954540054247B /* Release */,
			);
			defaultConfigurationIsVisible = 0;
			defaultConfigurationName = Release;
		};
/* End XCConfigurationList section */
	};
	rootObject = 29B97313FDCFA39411CA2CEA /* Project object */;
}
